// !$*UTF8*$!
{
	archiveVersion = 1;
	classes = {
	};
	objectVersion = 46;
	objects = {

/* Begin PBXBuildFile section */
		21677A631EF1CB7100BA07C0 /* AppDelegate.swift in Sources */ = {isa = PBXBuildFile; fileRef = 21677A621EF1CB7100BA07C0 /* AppDelegate.swift */; };
		21677A651EF1CB7100BA07C0 /* ViewController.swift in Sources */ = {isa = PBXBuildFile; fileRef = 21677A641EF1CB7100BA07C0 /* ViewController.swift */; };
		21677A681EF1CB7100BA07C0 /* Main.storyboard in Resources */ = {isa = PBXBuildFile; fileRef = 21677A661EF1CB7100BA07C0 /* Main.storyboard */; };
		21677A6A1EF1CB7100BA07C0 /* Assets.xcassets in Resources */ = {isa = PBXBuildFile; fileRef = 21677A691EF1CB7100BA07C0 /* Assets.xcassets */; };
		21677A6D1EF1CB7100BA07C0 /* LaunchScreen.storyboard in Resources */ = {isa = PBXBuildFile; fileRef = 21677A6B1EF1CB7100BA07C0 /* LaunchScreen.storyboard */; };
		21677A831EF1CB7100BA07C0 /* FizzBuzzUITests.swift in Sources */ = {isa = PBXBuildFile; fileRef = 21677A821EF1CB7100BA07C0 /* FizzBuzzUITests.swift */; };
		21677A931EF1D0CF00BA07C0 /* Nimble.framework in Frameworks */ = {isa = PBXBuildFile; fileRef = 21677A911EF1D0BC00BA07C0 /* Nimble.framework */; };
		21677A951EF1D0D200BA07C0 /* Quick.framework in Frameworks */ = {isa = PBXBuildFile; fileRef = 21677A941EF1D0D200BA07C0 /* Quick.framework */; };
		21677A981EF1D10900BA07C0 /* Alamofire.framework in Frameworks */ = {isa = PBXBuildFile; fileRef = 21677A971EF1D10900BA07C0 /* Alamofire.framework */; };
		21677A991EF1D11400BA07C0 /* Alamofire.framework in CopyFiles */ = {isa = PBXBuildFile; fileRef = 21677A971EF1D10900BA07C0 /* Alamofire.framework */; settings = {ATTRIBUTES = (CodeSignOnCopy, RemoveHeadersOnCopy, ); }; };
		21677A9C1EF1D11E00BA07C0 /* Quick.framework in CopyFiles */ = {isa = PBXBuildFile; fileRef = 21677A941EF1D0D200BA07C0 /* Quick.framework */; settings = {ATTRIBUTES = (CodeSignOnCopy, RemoveHeadersOnCopy, ); }; };
		21677A9E1EF1DA1700BA07C0 /* BrainTests.swift in Sources */ = {isa = PBXBuildFile; fileRef = 21677A9D1EF1DA1700BA07C0 /* BrainTests.swift */; };
		21677AA01EF1DC4300BA07C0 /* Brain.swift in Sources */ = {isa = PBXBuildFile; fileRef = 21677A9F1EF1DC4300BA07C0 /* Brain.swift */; };
		21677AA11EF1DF6D00BA07C0 /* Nimble.framework in CopyFiles */ = {isa = PBXBuildFile; fileRef = 21677A911EF1D0BC00BA07C0 /* Nimble.framework */; settings = {ATTRIBUTES = (CodeSignOnCopy, RemoveHeadersOnCopy, ); }; };
		21677AA31EF3875800BA07C0 /* GameTests.swift in Sources */ = {isa = PBXBuildFile; fileRef = 21677AA21EF3875800BA07C0 /* GameTests.swift */; };
		21677AA51EF3883300BA07C0 /* Game.swift in Sources */ = {isa = PBXBuildFile; fileRef = 21677AA41EF3883300BA07C0 /* Game.swift */; };
/* End PBXBuildFile section */

/* Begin PBXContainerItemProxy section */
		21677A741EF1CB7100BA07C0 /* PBXContainerItemProxy */ = {
			isa = PBXContainerItemProxy;
			containerPortal = 21677A571EF1CB7100BA07C0 /* Project object */;
			proxyType = 1;
			remoteGlobalIDString = 21677A5E1EF1CB7100BA07C0;
			remoteInfo = FizzBuzz;
		};
		21677A7F1EF1CB7100BA07C0 /* PBXContainerItemProxy */ = {
			isa = PBXContainerItemProxy;
			containerPortal = 21677A571EF1CB7100BA07C0 /* Project object */;
			proxyType = 1;
			remoteGlobalIDString = 21677A5E1EF1CB7100BA07C0;
			remoteInfo = FizzBuzz;
		};
/* End PBXContainerItemProxy section */

/* Begin PBXCopyFilesBuildPhase section */
		21677A961EF1D0E300BA07C0 /* CopyFiles */ = {
			isa = PBXCopyFilesBuildPhase;
			buildActionMask = 2147483647;
			dstPath = "";
			dstSubfolderSpec = 10;
			files = (
				21677A991EF1D11400BA07C0 /* Alamofire.framework in CopyFiles */,
			);
			runOnlyForDeploymentPostprocessing = 0;
		};
		21677A9A1EF1D11800BA07C0 /* CopyFiles */ = {
			isa = PBXCopyFilesBuildPhase;
			buildActionMask = 2147483647;
			dstPath = "";
			dstSubfolderSpec = 10;
			files = (
				21677AA11EF1DF6D00BA07C0 /* Nimble.framework in CopyFiles */,
				21677A9C1EF1D11E00BA07C0 /* Quick.framework in CopyFiles */,
			);
			runOnlyForDeploymentPostprocessing = 0;
		};
/* End PBXCopyFilesBuildPhase section */

/* Begin PBXFileReference section */
		21677A5F1EF1CB7100BA07C0 /* FizzBuzz.app */ = {isa = PBXFileReference; explicitFileType = wrapper.application; includeInIndex = 0; path = FizzBuzz.app; sourceTree = BUILT_PRODUCTS_DIR; };
		21677A621EF1CB7100BA07C0 /* AppDelegate.swift */ = {isa = PBXFileReference; lastKnownFileType = sourcecode.swift; path = AppDelegate.swift; sourceTree = "<group>"; };
		21677A641EF1CB7100BA07C0 /* ViewController.swift */ = {isa = PBXFileReference; lastKnownFileType = sourcecode.swift; path = ViewController.swift; sourceTree = "<group>"; };
		21677A671EF1CB7100BA07C0 /* Base */ = {isa = PBXFileReference; lastKnownFileType = file.storyboard; name = Base; path = Base.lproj/Main.storyboard; sourceTree = "<group>"; };
		21677A691EF1CB7100BA07C0 /* Assets.xcassets */ = {isa = PBXFileReference; lastKnownFileType = folder.assetcatalog; path = Assets.xcassets; sourceTree = "<group>"; };
		21677A6C1EF1CB7100BA07C0 /* Base */ = {isa = PBXFileReference; lastKnownFileType = file.storyboard; name = Base; path = Base.lproj/LaunchScreen.storyboard; sourceTree = "<group>"; };
		21677A6E1EF1CB7100BA07C0 /* Info.plist */ = {isa = PBXFileReference; lastKnownFileType = text.plist.xml; path = Info.plist; sourceTree = "<group>"; };
		21677A731EF1CB7100BA07C0 /* FizzBuzzTests.xctest */ = {isa = PBXFileReference; explicitFileType = wrapper.cfbundle; includeInIndex = 0; path = FizzBuzzTests.xctest; sourceTree = BUILT_PRODUCTS_DIR; };
		21677A791EF1CB7100BA07C0 /* Info.plist */ = {isa = PBXFileReference; lastKnownFileType = text.plist.xml; path = Info.plist; sourceTree = "<group>"; };
		21677A7E1EF1CB7100BA07C0 /* FizzBuzzUITests.xctest */ = {isa = PBXFileReference; explicitFileType = wrapper.cfbundle; includeInIndex = 0; path = FizzBuzzUITests.xctest; sourceTree = BUILT_PRODUCTS_DIR; };
		21677A821EF1CB7100BA07C0 /* FizzBuzzUITests.swift */ = {isa = PBXFileReference; lastKnownFileType = sourcecode.swift; path = FizzBuzzUITests.swift; sourceTree = "<group>"; };
		21677A841EF1CB7100BA07C0 /* Info.plist */ = {isa = PBXFileReference; lastKnownFileType = text.plist.xml; path = Info.plist; sourceTree = "<group>"; };
		21677A911EF1D0BC00BA07C0 /* Nimble.framework */ = {isa = PBXFileReference; lastKnownFileType = wrapper.framework; name = Nimble.framework; path = Carthage/Build/iOS/Nimble.framework; sourceTree = "<group>"; };
		21677A941EF1D0D200BA07C0 /* Quick.framework */ = {isa = PBXFileReference; lastKnownFileType = wrapper.framework; name = Quick.framework; path = Carthage/Build/iOS/Quick.framework; sourceTree = "<group>"; };
		21677A971EF1D10900BA07C0 /* Alamofire.framework */ = {isa = PBXFileReference; lastKnownFileType = wrapper.framework; name = Alamofire.framework; path = Carthage/Build/iOS/Alamofire.framework; sourceTree = "<group>"; };
		21677A9D1EF1DA1700BA07C0 /* BrainTests.swift */ = {isa = PBXFileReference; fileEncoding = 4; lastKnownFileType = sourcecode.swift; path = BrainTests.swift; sourceTree = "<group>"; };
		21677A9F1EF1DC4300BA07C0 /* Brain.swift */ = {isa = PBXFileReference; fileEncoding = 4; lastKnownFileType = sourcecode.swift; path = Brain.swift; sourceTree = "<group>"; };
		21677AA21EF3875800BA07C0 /* GameTests.swift */ = {isa = PBXFileReference; fileEncoding = 4; lastKnownFileType = sourcecode.swift; path = GameTests.swift; sourceTree = "<group>"; };
		21677AA41EF3883300BA07C0 /* Game.swift */ = {isa = PBXFileReference; fileEncoding = 4; lastKnownFileType = sourcecode.swift; path = Game.swift; sourceTree = "<group>"; };
/* End PBXFileReference section */

/* Begin PBXFrameworksBuildPhase section */
		21677A5C1EF1CB7100BA07C0 /* Frameworks */ = {
			isa = PBXFrameworksBuildPhase;
			buildActionMask = 2147483647;
			files = (
				21677A981EF1D10900BA07C0 /* Alamofire.framework in Frameworks */,
			);
			runOnlyForDeploymentPostprocessing = 0;
		};
		21677A701EF1CB7100BA07C0 /* Frameworks */ = {
			isa = PBXFrameworksBuildPhase;
			buildActionMask = 2147483647;
			files = (
				21677A931EF1D0CF00BA07C0 /* Nimble.framework in Frameworks */,
				21677A951EF1D0D200BA07C0 /* Quick.framework in Frameworks */,
			);
			runOnlyForDeploymentPostprocessing = 0;
		};
		21677A7B1EF1CB7100BA07C0 /* Frameworks */ = {
			isa = PBXFrameworksBuildPhase;
			buildActionMask = 2147483647;
			files = (
			);
			runOnlyForDeploymentPostprocessing = 0;
		};
/* End PBXFrameworksBuildPhase section */

/* Begin PBXGroup section */
		21677A561EF1CB7100BA07C0 = {
			isa = PBXGroup;
			children = (
				21677A611EF1CB7100BA07C0 /* FizzBuzz */,
				21677A761EF1CB7100BA07C0 /* FizzBuzzTests */,
				21677A811EF1CB7100BA07C0 /* FizzBuzzUITests */,
				21677A601EF1CB7100BA07C0 /* Products */,
				21677A901EF1D0BC00BA07C0 /* Frameworks */,
			);
			sourceTree = "<group>";
		};
		21677A601EF1CB7100BA07C0 /* Products */ = {
			isa = PBXGroup;
			children = (
				21677A5F1EF1CB7100BA07C0 /* FizzBuzz.app */,
				21677A731EF1CB7100BA07C0 /* FizzBuzzTests.xctest */,
				21677A7E1EF1CB7100BA07C0 /* FizzBuzzUITests.xctest */,
			);
			name = Products;
			sourceTree = "<group>";
		};
		21677A611EF1CB7100BA07C0 /* FizzBuzz */ = {
			isa = PBXGroup;
			children = (
				21677A621EF1CB7100BA07C0 /* AppDelegate.swift */,
				21677A641EF1CB7100BA07C0 /* ViewController.swift */,
				21677A661EF1CB7100BA07C0 /* Main.storyboard */,
				21677A691EF1CB7100BA07C0 /* Assets.xcassets */,
				21677A6B1EF1CB7100BA07C0 /* LaunchScreen.storyboard */,
				21677A6E1EF1CB7100BA07C0 /* Info.plist */,
				21677A9F1EF1DC4300BA07C0 /* Brain.swift */,
				21677AA41EF3883300BA07C0 /* Game.swift */,
			);
			path = FizzBuzz;
			sourceTree = "<group>";
		};
		21677A761EF1CB7100BA07C0 /* FizzBuzzTests */ = {
			isa = PBXGroup;
			children = (
				21677A791EF1CB7100BA07C0 /* Info.plist */,
				21677A9D1EF1DA1700BA07C0 /* BrainTests.swift */,
				21677AA21EF3875800BA07C0 /* GameTests.swift */,
			);
			path = FizzBuzzTests;
			sourceTree = "<group>";
		};
		21677A811EF1CB7100BA07C0 /* FizzBuzzUITests */ = {
			isa = PBXGroup;
			children = (
				21677A821EF1CB7100BA07C0 /* FizzBuzzUITests.swift */,
				21677A841EF1CB7100BA07C0 /* Info.plist */,
			);
			path = FizzBuzzUITests;
			sourceTree = "<group>";
		};
		21677A901EF1D0BC00BA07C0 /* Frameworks */ = {
			isa = PBXGroup;
			children = (
				21677A971EF1D10900BA07C0 /* Alamofire.framework */,
				21677A941EF1D0D200BA07C0 /* Quick.framework */,
				21677A911EF1D0BC00BA07C0 /* Nimble.framework */,
			);
			name = Frameworks;
			sourceTree = "<group>";
		};
/* End PBXGroup section */

/* Begin PBXNativeTarget section */
		21677A5E1EF1CB7100BA07C0 /* FizzBuzz */ = {
			isa = PBXNativeTarget;
			buildConfigurationList = 21677A871EF1CB7100BA07C0 /* Build configuration list for PBXNativeTarget "FizzBuzz" */;
			buildPhases = (
				21677A5B1EF1CB7100BA07C0 /* Sources */,
				21677A5C1EF1CB7100BA07C0 /* Frameworks */,
				21677A5D1EF1CB7100BA07C0 /* Resources */,
				21677A961EF1D0E300BA07C0 /* CopyFiles */,
			);
			buildRules = (
			);
			dependencies = (
			);
			name = FizzBuzz;
			productName = FizzBuzz;
			productReference = 21677A5F1EF1CB7100BA07C0 /* FizzBuzz.app */;
			productType = "com.apple.product-type.application";
		};
		21677A721EF1CB7100BA07C0 /* FizzBuzzTests */ = {
			isa = PBXNativeTarget;
			buildConfigurationList = 21677A8A1EF1CB7100BA07C0 /* Build configuration list for PBXNativeTarget "FizzBuzzTests" */;
			buildPhases = (
				21677A6F1EF1CB7100BA07C0 /* Sources */,
				21677A701EF1CB7100BA07C0 /* Frameworks */,
				21677A711EF1CB7100BA07C0 /* Resources */,
				21677A9A1EF1D11800BA07C0 /* CopyFiles */,
			);
			buildRules = (
			);
			dependencies = (
				21677A751EF1CB7100BA07C0 /* PBXTargetDependency */,
			);
			name = FizzBuzzTests;
			productName = FizzBuzzTests;
			productReference = 21677A731EF1CB7100BA07C0 /* FizzBuzzTests.xctest */;
			productType = "com.apple.product-type.bundle.unit-test";
		};
		21677A7D1EF1CB7100BA07C0 /* FizzBuzzUITests */ = {
			isa = PBXNativeTarget;
			buildConfigurationList = 21677A8D1EF1CB7100BA07C0 /* Build configuration list for PBXNativeTarget "FizzBuzzUITests" */;
			buildPhases = (
				21677A7A1EF1CB7100BA07C0 /* Sources */,
				21677A7B1EF1CB7100BA07C0 /* Frameworks */,
				21677A7C1EF1CB7100BA07C0 /* Resources */,
			);
			buildRules = (
			);
			dependencies = (
				21677A801EF1CB7100BA07C0 /* PBXTargetDependency */,
			);
			name = FizzBuzzUITests;
			productName = FizzBuzzUITests;
			productReference = 21677A7E1EF1CB7100BA07C0 /* FizzBuzzUITests.xctest */;
			productType = "com.apple.product-type.bundle.ui-testing";
		};
/* End PBXNativeTarget section */

/* Begin PBXProject section */
		21677A571EF1CB7100BA07C0 /* Project object */ = {
			isa = PBXProject;
			attributes = {
				LastSwiftUpdateCheck = 0830;
				LastUpgradeCheck = 0830;
				ORGANIZATIONNAME = ThoughtWorks;
				TargetAttributes = {
					21677A5E1EF1CB7100BA07C0 = {
						CreatedOnToolsVersion = 8.3.3;
						DevelopmentTeam = 4A7XH634V6;
						ProvisioningStyle = Automatic;
					};
					21677A721EF1CB7100BA07C0 = {
						CreatedOnToolsVersion = 8.3.3;
						DevelopmentTeam = 4A7XH634V6;
						LastSwiftMigration = 0830;
						ProvisioningStyle = Automatic;
						TestTargetID = 21677A5E1EF1CB7100BA07C0;
					};
					21677A7D1EF1CB7100BA07C0 = {
						CreatedOnToolsVersion = 8.3.3;
						DevelopmentTeam = 4A7XH634V6;
						ProvisioningStyle = Automatic;
						TestTargetID = 21677A5E1EF1CB7100BA07C0;
					};
				};
			};
			buildConfigurationList = 21677A5A1EF1CB7100BA07C0 /* Build configuration list for PBXProject "FizzBuzz" */;
			compatibilityVersion = "Xcode 3.2";
			developmentRegion = English;
			hasScannedForEncodings = 0;
			knownRegions = (
				en,
				Base,
			);
			mainGroup = 21677A561EF1CB7100BA07C0;
			productRefGroup = 21677A601EF1CB7100BA07C0 /* Products */;
			projectDirPath = "";
			projectRoot = "";
			targets = (
				21677A5E1EF1CB7100BA07C0 /* FizzBuzz */,
				21677A721EF1CB7100BA07C0 /* FizzBuzzTests */,
				21677A7D1EF1CB7100BA07C0 /* FizzBuzzUITests */,
			);
		};
/* End PBXProject section */

/* Begin PBXResourcesBuildPhase section */
		21677A5D1EF1CB7100BA07C0 /* Resources */ = {
			isa = PBXResourcesBuildPhase;
			buildActionMask = 2147483647;
			files = (
				21677A6D1EF1CB7100BA07C0 /* LaunchScreen.storyboard in Resources */,
				21677A6A1EF1CB7100BA07C0 /* Assets.xcassets in Resources */,
				21677A681EF1CB7100BA07C0 /* Main.storyboard in Resources */,
			);
			runOnlyForDeploymentPostprocessing = 0;
		};
		21677A711EF1CB7100BA07C0 /* Resources */ = {
			isa = PBXResourcesBuildPhase;
			buildActionMask = 2147483647;
			files = (
			);
			runOnlyForDeploymentPostprocessing = 0;
		};
		21677A7C1EF1CB7100BA07C0 /* Resources */ = {
			isa = PBXResourcesBuildPhase;
			buildActionMask = 2147483647;
			files = (
			);
			runOnlyForDeploymentPostprocessing = 0;
		};
/* End PBXResourcesBuildPhase section */

/* Begin PBXSourcesBuildPhase section */
		21677A5B1EF1CB7100BA07C0 /* Sources */ = {
			isa = PBXSourcesBuildPhase;
			buildActionMask = 2147483647;
			files = (
				21677A651EF1CB7100BA07C0 /* ViewController.swift in Sources */,
				21677AA01EF1DC4300BA07C0 /* Brain.swift in Sources */,
				21677A631EF1CB7100BA07C0 /* AppDelegate.swift in Sources */,
				21677AA51EF3883300BA07C0 /* Game.swift in Sources */,
			);
			runOnlyForDeploymentPostprocessing = 0;
		};
		21677A6F1EF1CB7100BA07C0 /* Sources */ = {
			isa = PBXSourcesBuildPhase;
			buildActionMask = 2147483647;
			files = (
				21677A9E1EF1DA1700BA07C0 /* BrainTests.swift in Sources */,
				21677AA31EF3875800BA07C0 /* GameTests.swift in Sources */,
			);
			runOnlyForDeploymentPostprocessing = 0;
		};
		21677A7A1EF1CB7100BA07C0 /* Sources */ = {
			isa = PBXSourcesBuildPhase;
			buildActionMask = 2147483647;
			files = (
				21677A831EF1CB7100BA07C0 /* FizzBuzzUITests.swift in Sources */,
			);
			runOnlyForDeploymentPostprocessing = 0;
		};
/* End PBXSourcesBuildPhase section */

/* Begin PBXTargetDependency section */
		21677A751EF1CB7100BA07C0 /* PBXTargetDependency */ = {
			isa = PBXTargetDependency;
			target = 21677A5E1EF1CB7100BA07C0 /* FizzBuzz */;
			targetProxy = 21677A741EF1CB7100BA07C0 /* PBXContainerItemProxy */;
		};
		21677A801EF1CB7100BA07C0 /* PBXTargetDependency */ = {
			isa = PBXTargetDependency;
			target = 21677A5E1EF1CB7100BA07C0 /* FizzBuzz */;
			targetProxy = 21677A7F1EF1CB7100BA07C0 /* PBXContainerItemProxy */;
		};
/* End PBXTargetDependency section */

/* Begin PBXVariantGroup section */
		21677A661EF1CB7100BA07C0 /* Main.storyboard */ = {
			isa = PBXVariantGroup;
			children = (
				21677A671EF1CB7100BA07C0 /* Base */,
			);
			name = Main.storyboard;
			sourceTree = "<group>";
		};
		21677A6B1EF1CB7100BA07C0 /* LaunchScreen.storyboard */ = {
			isa = PBXVariantGroup;
			children = (
				21677A6C1EF1CB7100BA07C0 /* Base */,
			);
			name = LaunchScreen.storyboard;
			sourceTree = "<group>";
		};
/* End PBXVariantGroup section */

/* Begin XCBuildConfiguration section */
		21677A851EF1CB7100BA07C0 /* Debug */ = {
			isa = XCBuildConfiguration;
			buildSettings = {
				ALWAYS_SEARCH_USER_PATHS = NO;
				CLANG_ANALYZER_NONNULL = YES;
				CLANG_ANALYZER_NUMBER_OBJECT_CONVERSION = YES_AGGRESSIVE;
				CLANG_CXX_LANGUAGE_STANDARD = "gnu++0x";
				CLANG_CXX_LIBRARY = "libc++";
				CLANG_ENABLE_MODULES = YES;
				CLANG_ENABLE_OBJC_ARC = YES;
				CLANG_WARN_BOOL_CONVERSION = YES;
				CLANG_WARN_CONSTANT_CONVERSION = YES;
				CLANG_WARN_DIRECT_OBJC_ISA_USAGE = YES_ERROR;
				CLANG_WARN_DOCUMENTATION_COMMENTS = YES;
				CLANG_WARN_EMPTY_BODY = YES;
				CLANG_WARN_ENUM_CONVERSION = YES;
				CLANG_WARN_INFINITE_RECURSION = YES;
				CLANG_WARN_INT_CONVERSION = YES;
				CLANG_WARN_OBJC_ROOT_CLASS = YES_ERROR;
				CLANG_WARN_SUSPICIOUS_MOVE = YES;
				CLANG_WARN_UNREACHABLE_CODE = YES;
				CLANG_WARN__DUPLICATE_METHOD_MATCH = YES;
				"CODE_SIGN_IDENTITY[sdk=iphoneos*]" = "iPhone Developer";
				COPY_PHASE_STRIP = NO;
				DEBUG_INFORMATION_FORMAT = dwarf;
				ENABLE_STRICT_OBJC_MSGSEND = YES;
				ENABLE_TESTABILITY = YES;
				GCC_C_LANGUAGE_STANDARD = gnu99;
				GCC_DYNAMIC_NO_PIC = NO;
				GCC_NO_COMMON_BLOCKS = YES;
				GCC_OPTIMIZATION_LEVEL = 0;
				GCC_PREPROCESSOR_DEFINITIONS = (
					"DEBUG=1",
					"$(inherited)",
				);
				GCC_WARN_64_TO_32_BIT_CONVERSION = YES;
				GCC_WARN_ABOUT_RETURN_TYPE = YES_ERROR;
				GCC_WARN_UNDECLARED_SELECTOR = YES;
				GCC_WARN_UNINITIALIZED_AUTOS = YES_AGGRESSIVE;
				GCC_WARN_UNUSED_FUNCTION = YES;
				GCC_WARN_UNUSED_VARIABLE = YES;
				IPHONEOS_DEPLOYMENT_TARGET = 10.3;
				MTL_ENABLE_DEBUG_INFO = YES;
				ONLY_ACTIVE_ARCH = YES;
				SDKROOT = iphoneos;
				SWIFT_ACTIVE_COMPILATION_CONDITIONS = DEBUG;
				SWIFT_OPTIMIZATION_LEVEL = "-Onone";
				TARGETED_DEVICE_FAMILY = "1,2";
			};
			name = Debug;
		};
		21677A861EF1CB7100BA07C0 /* Release */ = {
			isa = XCBuildConfiguration;
			buildSettings = {
				ALWAYS_SEARCH_USER_PATHS = NO;
				CLANG_ANALYZER_NONNULL = YES;
				CLANG_ANALYZER_NUMBER_OBJECT_CONVERSION = YES_AGGRESSIVE;
				CLANG_CXX_LANGUAGE_STANDARD = "gnu++0x";
				CLANG_CXX_LIBRARY = "libc++";
				CLANG_ENABLE_MODULES = YES;
				CLANG_ENABLE_OBJC_ARC = YES;
				CLANG_WARN_BOOL_CONVERSION = YES;
				CLANG_WARN_CONSTANT_CONVERSION = YES;
				CLANG_WARN_DIRECT_OBJC_ISA_USAGE = YES_ERROR;
				CLANG_WARN_DOCUMENTATION_COMMENTS = YES;
				CLANG_WARN_EMPTY_BODY = YES;
				CLANG_WARN_ENUM_CONVERSION = YES;
				CLANG_WARN_INFINITE_RECURSION = YES;
				CLANG_WARN_INT_CONVERSION = YES;
				CLANG_WARN_OBJC_ROOT_CLASS = YES_ERROR;
				CLANG_WARN_SUSPICIOUS_MOVE = YES;
				CLANG_WARN_UNREACHABLE_CODE = YES;
				CLANG_WARN__DUPLICATE_METHOD_MATCH = YES;
				"CODE_SIGN_IDENTITY[sdk=iphoneos*]" = "iPhone Developer";
				COPY_PHASE_STRIP = NO;
				DEBUG_INFORMATION_FORMAT = "dwarf-with-dsym";
				ENABLE_NS_ASSERTIONS = NO;
				ENABLE_STRICT_OBJC_MSGSEND = YES;
				GCC_C_LANGUAGE_STANDARD = gnu99;
				GCC_NO_COMMON_BLOCKS = YES;
				GCC_WARN_64_TO_32_BIT_CONVERSION = YES;
				GCC_WARN_ABOUT_RETURN_TYPE = YES_ERROR;
				GCC_WARN_UNDECLARED_SELECTOR = YES;
				GCC_WARN_UNINITIALIZED_AUTOS = YES_AGGRESSIVE;
				GCC_WARN_UNUSED_FUNCTION = YES;
				GCC_WARN_UNUSED_VARIABLE = YES;
				IPHONEOS_DEPLOYMENT_TARGET = 10.3;
				MTL_ENABLE_DEBUG_INFO = NO;
				SDKROOT = iphoneos;
				SWIFT_OPTIMIZATION_LEVEL = "-Owholemodule";
				TARGETED_DEVICE_FAMILY = "1,2";
				VALIDATE_PRODUCT = YES;
			};
			name = Release;
		};
		21677A881EF1CB7100BA07C0 /* Debug */ = {
			isa = XCBuildConfiguration;
			buildSettings = {
				ASSETCATALOG_COMPILER_APPICON_NAME = AppIcon;
				DEVELOPMENT_TEAM = 4A7XH634V6;
				FRAMEWORK_SEARCH_PATHS = (
					"$(inherited)",
					"$(PROJECT_DIR)/Carthage/Build/iOS",
				);
				INFOPLIST_FILE = FizzBuzz/Info.plist;
				LD_RUNPATH_SEARCH_PATHS = "$(inherited) @executable_path/Frameworks";
				PRODUCT_BUNDLE_IDENTIFIER = com.thoughtworks.FizzBuzz;
				PRODUCT_NAME = "$(TARGET_NAME)";
				SWIFT_VERSION = 3.0;
			};
			name = Debug;
		};
		21677A891EF1CB7100BA07C0 /* Release */ = {
			isa = XCBuildConfiguration;
			buildSettings = {
				ASSETCATALOG_COMPILER_APPICON_NAME = AppIcon;
				DEVELOPMENT_TEAM = 4A7XH634V6;
				FRAMEWORK_SEARCH_PATHS = (
					"$(inherited)",
					"$(PROJECT_DIR)/Carthage/Build/iOS",
				);
				INFOPLIST_FILE = FizzBuzz/Info.plist;
				LD_RUNPATH_SEARCH_PATHS = "$(inherited) @executable_path/Frameworks";
				PRODUCT_BUNDLE_IDENTIFIER = com.thoughtworks.FizzBuzz;
				PRODUCT_NAME = "$(TARGET_NAME)";
				SWIFT_VERSION = 3.0;
			};
			name = Release;
		};
		21677A8B1EF1CB7100BA07C0 /* Debug */ = {
			isa = XCBuildConfiguration;
			buildSettings = {
				ALWAYS_EMBED_SWIFT_STANDARD_LIBRARIES = YES;
				BUNDLE_LOADER = "$(TEST_HOST)";
				CLANG_ENABLE_MODULES = YES;
				DEVELOPMENT_TEAM = 4A7XH634V6;
				FRAMEWORK_SEARCH_PATHS = (
					"$(inherited)",
					"$(PROJECT_DIR)/Carthage/Build/iOS",
				);
				INFOPLIST_FILE = FizzBuzzTests/Info.plist;
				LD_RUNPATH_SEARCH_PATHS = "$(inherited) @executable_path/Frameworks @loader_path/Frameworks";
				PRODUCT_BUNDLE_IDENTIFIER = com.thoughtworks.FizzBuzzTests;
				PRODUCT_NAME = "$(TARGET_NAME)";
				SWIFT_OPTIMIZATION_LEVEL = "-Onone";
				SWIFT_VERSION = 3.0;
				TEST_HOST = "$(BUILT_PRODUCTS_DIR)/FizzBuzz.app/FizzBuzz";
			};
			name = Debug;
		};
		21677A8C1EF1CB7100BA07C0 /* Release */ = {
			isa = XCBuildConfiguration;
			buildSettings = {
				ALWAYS_EMBED_SWIFT_STANDARD_LIBRARIES = YES;
				BUNDLE_LOADER = "$(TEST_HOST)";
				CLANG_ENABLE_MODULES = YES;
				DEVELOPMENT_TEAM = 4A7XH634V6;
				FRAMEWORK_SEARCH_PATHS = (
					"$(inherited)",
					"$(PROJECT_DIR)/Carthage/Build/iOS",
				);
				INFOPLIST_FILE = FizzBuzzTests/Info.plist;
				LD_RUNPATH_SEARCH_PATHS = "$(inherited) @executable_path/Frameworks @loader_path/Frameworks";
				PRODUCT_BUNDLE_IDENTIFIER = com.thoughtworks.FizzBuzzTests;
				PRODUCT_NAME = "$(TARGET_NAME)";
				SWIFT_VERSION = 3.0;
				TEST_HOST = "$(BUILT_PRODUCTS_DIR)/FizzBuzz.app/FizzBuzz";
			};
			name = Release;
		};
		21677A8E1EF1CB7100BA07C0 /* Debug */ = {
			isa = XCBuildConfiguration;
			buildSettings = {
				ALWAYS_EMBED_SWIFT_STANDARD_LIBRARIES = YES;
				DEVELOPMENT_TEAM = 4A7XH634V6;
				INFOPLIST_FILE = FizzBuzzUITests/Info.plist;
				LD_RUNPATH_SEARCH_PATHS = "$(inherited) @executable_path/Frameworks @loader_path/Frameworks";
				PRODUCT_BUNDLE_IDENTIFIER = com.thoughtworks.FizzBuzzUITests;
				PRODUCT_NAME = "$(TARGET_NAME)";
				SWIFT_VERSION = 3.0;
				TEST_TARGET_NAME = FizzBuzz;
			};
			name = Debug;
		};
		21677A8F1EF1CB7100BA07C0 /* Release */ = {
			isa = XCBuildConfiguration;
			buildSettings = {
				ALWAYS_EMBED_SWIFT_STANDARD_LIBRARIES = YES;
				DEVELOPMENT_TEAM = 4A7XH634V6;
				INFOPLIST_FILE = FizzBuzzUITests/Info.plist;
				LD_RUNPATH_SEARCH_PATHS = "$(inherited) @executable_path/Frameworks @loader_path/Frameworks";
				PRODUCT_BUNDLE_IDENTIFIER = com.thoughtworks.FizzBuzzUITests;
				PRODUCT_NAME = "$(TARGET_NAME)";
				SWIFT_VERSION = 3.0;
				TEST_TARGET_NAME = FizzBuzz;
			};
			name = Release;
		};
/* End XCBuildConfiguration section */

/* Begin XCConfigurationList section */
		21677A5A1EF1CB7100BA07C0 /* Build configuration list for PBXProject "FizzBuzz" */ = {
			isa = XCConfigurationList;
			buildConfigurations = (
				21677A851EF1CB7100BA07C0 /* Debug */,
				21677A861EF1CB7100BA07C0 /* Release */,
			);
			defaultConfigurationIsVisible = 0;
			defaultConfigurationName = Release;
		};
		21677A871EF1CB7100BA07C0 /* Build configuration list for PBXNativeTarget "FizzBuzz" */ = {
			isa = XCConfigurationList;
			buildConfigurations = (
				21677A881EF1CB7100BA07C0 /* Debug */,
				21677A891EF1CB7100BA07C0 /* Release */,
			);
			defaultConfigurationIsVisible = 0;
			defaultConfigurationName = Release;
		};
		21677A8A1EF1CB7100BA07C0 /* Build configuration list for PBXNativeTarget "FizzBuzzTests" */ = {
			isa = XCConfigurationList;
			buildConfigurations = (
				21677A8B1EF1CB7100BA07C0 /* Debug */,
				21677A8C1EF1CB7100BA07C0 /* Release */,
			);
			defaultConfigurationIsVisible = 0;
			defaultConfigurationName = Release;
		};
		21677A8D1EF1CB7100BA07C0 /* Build configuration list for PBXNativeTarget "FizzBuzzUITests" */ = {
			isa = XCConfigurationList;
			buildConfigurations = (
				21677A8E1EF1CB7100BA07C0 /* Debug */,
				21677A8F1EF1CB7100BA07C0 /* Release */,
			);
			defaultConfigurationIsVisible = 0;
			defaultConfigurationName = Release;
		};
/* End XCConfigurationList section */
	};
	rootObject = 21677A571EF1CB7100BA07C0 /* Project object */;
}
